
Microsoft Visual Studio Solution File, Format Version 12.00
# Visual Studio Version 16
VisualStudioVersion = 16.0.31424.327
MinimumVisualStudioVersion = 10.0.40219.1
Project("{8BC9CEB8-8B4A-11D0-8D11-00A0C91BC942}") = "21_5_16_2", "21_5_16_2\21_5_16_2.vcxproj", "{D323371F-7CAC-4E99-9EEB-7732CD126E57}"
EndProject
Global
	GlobalSection(SolutionConfigurationPlatforms) = preSolution
		Debug|x64 = Debug|x64
		Debug|x86 = Debug|x86
		Release|x64 = Release|x64
		Release|x86 = Release|x86
	EndGlobalSection
	GlobalSection(ProjectConfigurationPlatforms) = postSolution
		{D323371F-7CAC-4E99-9EEB-7732CD126E57}.Debug|x64.ActiveCfg = Debug|x64
		{D323371F-7CAC-4E99-9EEB-7732CD126E57}.Debug|x64.Build.0 = Debug|x64
		{D323371F-7CAC-4E99-9EEB-7732CD126E57}.Debug|x86.ActiveCfg = Debug|Win32
		{D323371F-7CAC-4E99-9EEB-7732CD126E57}.Debug|x86.Build.0 = Debug|Win32
		{D323371F-7CAC-4E99-9EEB-7732CD126E57}.Release|x64.ActiveCfg = Release|x64
		{D323371F-7CAC-4E99-9EEB-7732CD126E57}.Release|x64.Build.0 = Release|x64
		{D323371F-7CAC-4E99-9EEB-7732CD126E57}.Release|x86.ActiveCfg = Release|Win32
		{D323371F-7CAC-4E99-9EEB-7732CD126E57}.Release|x86.Build.0 = Release|Win32
	EndGlobalSection
	GlobalSection(SolutionProperties) = preSolution
		HideSolutionNode = FALSE
	EndGlobalSection
	GlobalSection(ExtensibilityGlobals) = postSolution
		SolutionGuid = {5F3441F6-51C4-4052-95DB-00951A2A5BD0}
	EndGlobalSection
EndGlobal
