
Microsoft Visual Studio Solution File, Format Version 12.00
# Visual Studio Version 16
VisualStudioVersion = 16.0.31424.327
MinimumVisualStudioVersion = 10.0.40219.1
Project("{8BC9CEB8-8B4A-11D0-8D11-00A0C91BC942}") = "21_7_4", "21_7_4\21_7_4.vcxproj", "{073D4362-EECE-4B02-9024-4CB7D47BD57F}"
EndProject
Global
	GlobalSection(SolutionConfigurationPlatforms) = preSolution
		Debug|x64 = Debug|x64
		Debug|x86 = Debug|x86
		Release|x64 = Release|x64
		Release|x86 = Release|x86
	EndGlobalSection
	GlobalSection(ProjectConfigurationPlatforms) = postSolution
		{073D4362-EECE-4B02-9024-4CB7D47BD57F}.Debug|x64.ActiveCfg = Debug|x64
		{073D4362-EECE-4B02-9024-4CB7D47BD57F}.Debug|x64.Build.0 = Debug|x64
		{073D4362-EECE-4B02-9024-4CB7D47BD57F}.Debug|x86.ActiveCfg = Debug|Win32
		{073D4362-EECE-4B02-9024-4CB7D47BD57F}.Debug|x86.Build.0 = Debug|Win32
		{073D4362-EECE-4B02-9024-4CB7D47BD57F}.Release|x64.ActiveCfg = Release|x64
		{073D4362-EECE-4B02-9024-4CB7D47BD57F}.Release|x64.Build.0 = Release|x64
		{073D4362-EECE-4B02-9024-4CB7D47BD57F}.Release|x86.ActiveCfg = Release|Win32
		{073D4362-EECE-4B02-9024-4CB7D47BD57F}.Release|x86.Build.0 = Release|Win32
	EndGlobalSection
	GlobalSection(SolutionProperties) = preSolution
		HideSolutionNode = FALSE
	EndGlobalSection
	GlobalSection(ExtensibilityGlobals) = postSolution
		SolutionGuid = {FD1222A6-7304-4BA6-805C-E790D333581D}
	EndGlobalSection
EndGlobal
